
Microsoft Visual Studio Solution File, Format Version 12.00
# Visual Studio Version 17
VisualStudioVersion = 17.10.35027.167
MinimumVisualStudioVersion = 10.0.40219.1
Project("{FAE04EC0-301F-11D3-BF4B-00C04F79EFBC}") = "ToDoListWriteToFile", "ToDoListWriteToFile.csproj", "{02276A29-7B4B-4037-BA1E-EBECFBFE613E}"
EndProject
Global
	GlobalSection(SolutionConfigurationPlatforms) = preSolution
		Debug|Any CPU = Debug|Any CPU
		Release|Any CPU = Release|Any CPU
	EndGlobalSection
	GlobalSection(ProjectConfigurationPlatforms) = postSolution
		{02276A29-7B4B-4037-BA1E-EBECFBFE613E}.Debug|Any CPU.ActiveCfg = Debug|Any CPU
		{02276A29-7B4B-4037-BA1E-EBECFBFE613E}.Debug|Any CPU.Build.0 = Debug|Any CPU
		{02276A29-7B4B-4037-BA1E-EBECFBFE613E}.Release|Any CPU.ActiveCfg = Release|Any CPU
		{02276A29-7B4B-4037-BA1E-EBECFBFE613E}.Release|Any CPU.Build.0 = Release|Any CPU
	EndGlobalSection
	GlobalSection(SolutionProperties) = preSolution
		HideSolutionNode = FALSE
	EndGlobalSection
	GlobalSection(ExtensibilityGlobals) = postSolution
		SolutionGuid = {0C6C372A-F1A4-4829-A1DC-2C5363BDF50F}
	EndGlobalSection
EndGlobal
